{
  "name": "media-gallery",
  "version": "1.0.0",
  "lockfileVersion": 3,
  "requires": true,
  "packages": {
    "": {
      "name": "media-gallery",
      "version": "1.0.0",
      "devDependencies": {
        "@cloudflare/workers-types": "^4.20260101.0",
        "wrangler": "^4.0.0"
      }
    }
  }
}